{
  "name": "@siubeng/bili-downloader",
  "version": "1.0.0",
  "lockfileVersion": 1,
  "requires": true,
  "dependencies": {
    "@fast-csv/format": {
      "version": "4.3.1",
      "resolved": "http://mirrors.tencent.com/npm/@fast-csv%2fformat/-/format-4.3.1.tgz",
      "integrity": "sha512-Ap6KSt0iJlzrivZU4grQzDGGOQ+vN5kvUeOHLF1BE7nWri1auiodgS3SCffvLe1Zvu79tACe1tw3dyBADk1NsA==",
      "requires": {
        "lodash.escaperegexp": "^4.1.2",
        "lodash.isboolean": "^3.0.3",
        "lodash.isequal": "^4.5.0",
        "lodash.isfunction": "^3.0.9",
        "lodash.isnil": "^4.0.0"
      }
    },
    "@fast-csv/parse": {
      "version": "4.3.2",
      "resolved": "http://mirrors.tencent.com/npm/@fast-csv%2fparse/-/parse-4.3.2.tgz",
      "integrity": "sha512-smFKL1E00zy6SB+MIRL4kJq4ba4Is9mHEf+1kdMH7iLInrKszADyJFGicoRfiFTtAvm+661LJMWjyQHrmx6WeA==",
      "requires": {
        "lodash.escaperegexp": "^4.1.2",
        "lodash.groupby": "^4.6.0",
        "lodash.isfunction": "^3.0.9",
        "lodash.isnil": "^4.0.0",
        "lodash.isundefined": "^3.0.1",
        "lodash.uniq": "^4.5.0"
      }
    },
    "@types/node": {
      "version": "14.14.5",
      "resolved": "http://mirrors.tencent.com/npm/@types%2fnode/-/node-14.14.5.tgz",
      "integrity": "sha512-H5Wn24s/ZOukBmDn03nnGTp18A60ny9AmCwnEcgJiTgSGsCO7k+NWP7zjCCbhlcnVCoI+co52dUAt9GMhOSULw=="
    },
    "archiver": {
      "version": "5.0.2",
      "resolved": "http://mirrors.tencent.com/npm/archiver/-/archiver-5.0.2.tgz",
      "integrity": "sha512-Tq3yV/T4wxBsD2Wign8W9VQKhaUxzzRmjEiSoOK0SLqPgDP/N1TKdYyBeIEu56T4I9iO4fKTTR0mN9NWkBA0sg==",
      "requires": {
        "archiver-utils": "^2.1.0",
        "async": "^3.2.0",
        "buffer-crc32": "^0.2.1",
        "readable-stream": "^3.6.0",
        "readdir-glob": "^1.0.0",
        "tar-stream": "^2.1.4",
        "zip-stream": "^4.0.0"
      }
    },
    "archiver-utils": {
      "version": "2.1.0",
      "resolved": "http://mirrors.tencent.com/npm/archiver-utils/-/archiver-utils-2.1.0.tgz",
      "integrity": "sha512-bEL/yUb/fNNiNTuUz979Z0Yg5L+LzLxGJz8x79lYmR54fmTIb6ob/hNQgkQnIUDWIFjZVQwl9Xs356I6BAMHfw==",
      "requires": {
        "glob": "^7.1.4",
        "graceful-fs": "^4.2.0",
        "lazystream": "^1.0.0",
        "lodash.defaults": "^4.2.0",
        "lodash.difference": "^4.5.0",
        "lodash.flatten": "^4.4.0",
        "lodash.isplainobject": "^4.0.6",
        "lodash.union": "^4.6.0",
        "normalize-path": "^3.0.0",
        "readable-stream": "^2.0.0"
      },
      "dependencies": {
        "readable-stream": {
          "version": "2.3.7",
          "resolved": "http://mirrors.tencent.com/npm/readable-stream/-/readable-stream-2.3.7.tgz",
          "integrity": "sha512-Ebho8K4jIbHAxnuxi7o42OrZgF/ZTNcsZj6nRKyUmkhLFq8CHItp/fy6hQZuZmP/n3yZ9VBUbp4zz/mX8hmYPw==",
          "requires": {
            "core-util-is": "~1.0.0",
            "inherits": "~2.0.3",
            "isarray": "~1.0.0",
            "process-nextick-args": "~2.0.0",
            "safe-buffer": "~5.1.1",
            "string_decoder": "~1.1.1",
            "util-deprecate": "~1.0.1"
          }
        }
      }
    },
    "async": {
      "version": "3.2.0",
      "resolved": "http://mirrors.tencent.com/npm/async/-/async-3.2.0.tgz",
      "integrity": "sha512-TR2mEZFVOj2pLStYxLht7TyfuRzaydfpxr3k9RpHIzMgw7A64dzsdqCxH1WJyQdoe8T10nDXd9wnEigmiuHIZw=="
    },
    "balanced-match": {
      "version": "1.0.0",
      "resolved": "http://mirrors.tencent.com/npm/balanced-match/-/balanced-match-1.0.0.tgz",
      "integrity": "sha1-ibTRmasr7kneFk6gK4nORi1xt2c="
    },
    "base64-js": {
      "version": "1.3.1",
      "resolved": "http://mirrors.tencent.com/npm/base64-js/-/base64-js-1.3.1.tgz",
      "integrity": "sha512-mLQ4i2QO1ytvGWFWmcngKO//JXAQueZvwEKtjgQFM4jIK0kU+ytMfplL8j+n5mspOfjHwoAg+9yhb7BwAHm36g=="
    },
    "big-integer": {
      "version": "1.6.48",
      "resolved": "http://mirrors.tencent.com/npm/big-integer/-/big-integer-1.6.48.tgz",
      "integrity": "sha512-j51egjPa7/i+RdiRuJbPdJ2FIUYYPhvYLjzoYbcMMm62ooO6F94fETG4MTs46zPAF9Brs04OajboA/qTGuz78w=="
    },
    "binary": {
      "version": "0.3.0",
      "resolved": "http://mirrors.tencent.com/npm/binary/-/binary-0.3.0.tgz",
      "integrity": "sha1-n2BVO8XOjDOG87VTz/R0Yq3sqnk=",
      "requires": {
        "buffers": "~0.1.1",
        "chainsaw": "~0.1.0"
      }
    },
    "bl": {
      "version": "4.0.3",
      "resolved": "http://mirrors.tencent.com/npm/bl/-/bl-4.0.3.tgz",
      "integrity": "sha512-fs4G6/Hu4/EE+F75J8DuN/0IpQqNjAdC7aEQv7Qt8MHGUH7Ckv2MwTEEeN9QehD0pfIDkMI1bkHYkKy7xHyKIg==",
      "requires": {
        "buffer": "^5.5.0",
        "inherits": "^2.0.4",
        "readable-stream": "^3.4.0"
      }
    },
    "bluebird": {
      "version": "3.4.7",
      "resolved": "http://mirrors.tencent.com/npm/bluebird/-/bluebird-3.4.7.tgz",
      "integrity": "sha1-9y12C+Cbf3bQjtj66Ysomo0F+rM="
    },
    "brace-expansion": {
      "version": "1.1.11",
      "resolved": "http://mirrors.tencent.com/npm/brace-expansion/-/brace-expansion-1.1.11.tgz",
      "integrity": "sha512-iCuPHDFgrHX7H2vEI/5xpz07zSHB00TpugqhmYtVmMO6518mCuRMoOYFldEBl0g187ufozdaHgWKcYFb61qGiA==",
      "requires": {
        "balanced-match": "^1.0.0",
        "concat-map": "0.0.1"
      }
    },
    "buffer": {
      "version": "5.7.0",
      "resolved": "http://mirrors.tencent.com/npm/buffer/-/buffer-5.7.0.tgz",
      "integrity": "sha512-cd+5r1VLBwUqTrmnzW+D7ABkJUM6mr7uv1dv+6jRw4Rcl7tFIFHDqHPL98LhpGFn3dbAt3gtLxtrWp4m1kFrqg==",
      "requires": {
        "base64-js": "^1.3.1",
        "ieee754": "^1.1.13"
      }
    },
    "buffer-crc32": {
      "version": "0.2.13",
      "resolved": "http://mirrors.tencent.com/npm/buffer-crc32/-/buffer-crc32-0.2.13.tgz",
      "integrity": "sha1-DTM+PwDqxQqhRUq9MO+MKl2ackI="
    },
    "buffer-indexof-polyfill": {
      "version": "1.0.2",
      "resolved": "http://mirrors.tencent.com/npm/buffer-indexof-polyfill/-/buffer-indexof-polyfill-1.0.2.tgz",
      "integrity": "sha512-I7wzHwA3t1/lwXQh+A5PbNvJxgfo5r3xulgpYDB5zckTu/Z9oUK9biouBKQUjEqzaz3HnAT6TYoovmE+GqSf7A=="
    },
    "buffers": {
      "version": "0.1.1",
      "resolved": "http://mirrors.tencent.com/npm/buffers/-/buffers-0.1.1.tgz",
      "integrity": "sha1-skV5w77U1tOWru5tmorn9Ugqt7s="
    },
    "chainsaw": {
      "version": "0.1.0",
      "resolved": "http://mirrors.tencent.com/npm/chainsaw/-/chainsaw-0.1.0.tgz",
      "integrity": "sha1-XqtQsor+WAdNDVgpE4iCi15fvJg=",
      "requires": {
        "traverse": ">=0.3.0 <0.4"
      }
    },
    "compress-commons": {
      "version": "4.0.1",
      "resolved": "http://mirrors.tencent.com/npm/compress-commons/-/compress-commons-4.0.1.tgz",
      "integrity": "sha512-xZm9o6iikekkI0GnXCmAl3LQGZj5TBDj0zLowsqi7tJtEa3FMGSEcHcqrSJIrOAk1UG/NBbDn/F1q+MG/p/EsA==",
      "requires": {
        "buffer-crc32": "^0.2.13",
        "crc32-stream": "^4.0.0",
        "normalize-path": "^3.0.0",
        "readable-stream": "^3.6.0"
      }
    },
    "concat-map": {
      "version": "0.0.1",
      "resolved": "http://mirrors.tencent.com/npm/concat-map/-/concat-map-0.0.1.tgz",
      "integrity": "sha1-2Klr13/Wjfd5OnMDajug1UBdR3s="
    },
    "core-util-is": {
      "version": "1.0.2",
      "resolved": "http://mirrors.tencent.com/npm/core-util-is/-/core-util-is-1.0.2.tgz",
      "integrity": "sha1-tf1UIgqivFq1eqtxQMlAdUUDwac="
    },
    "crc": {
      "version": "3.8.0",
      "resolved": "http://mirrors.tencent.com/npm/crc/-/crc-3.8.0.tgz",
      "integrity": "sha512-iX3mfgcTMIq3ZKLIsVFAbv7+Mc10kxabAGQb8HvjA1o3T1PIYprbakQ65d3I+2HGHt6nSKkM9PYjgoJO2KcFBQ==",
      "requires": {
        "buffer": "^5.1.0"
      }
    },
    "crc32-stream": {
      "version": "4.0.0",
      "resolved": "http://mirrors.tencent.com/npm/crc32-stream/-/crc32-stream-4.0.0.tgz",
      "integrity": "sha512-tyMw2IeUX6t9jhgXI6um0eKfWq4EIDpfv5m7GX4Jzp7eVelQ360xd8EPXJhp2mHwLQIkqlnMLjzqSZI3a+0wRw==",
      "requires": {
        "crc": "^3.4.4",
        "readable-stream": "^3.4.0"
      }
    },
    "data-uri-to-buffer": {
      "version": "3.0.1",
      "resolved": "http://mirrors.tencent.com/npm/data-uri-to-buffer/-/data-uri-to-buffer-3.0.1.tgz",
      "integrity": "sha512-WboRycPNsVw3B3TL559F7kuBUM4d8CgMEvk6xEJlOp7OBPjt6G7z8WMWlD2rOFZLk6OYfFIUGsCOWzcQH9K2og=="
    },
    "dayjs": {
      "version": "1.9.4",
      "resolved": "http://mirrors.tencent.com/npm/dayjs/-/dayjs-1.9.4.tgz",
      "integrity": "sha512-ABSF3alrldf7nM9sQ2U+Ln67NRwmzlLOqG7kK03kck0mw3wlSSEKv/XhKGGxUjQcS57QeiCyNdrFgtj9nWlrng=="
    },
    "duplexer2": {
      "version": "0.1.4",
      "resolved": "http://mirrors.tencent.com/npm/duplexer2/-/duplexer2-0.1.4.tgz",
      "integrity": "sha1-ixLauHjA1p4+eJEFFmKjL8a93ME=",
      "requires": {
        "readable-stream": "^2.0.2"
      },
      "dependencies": {
        "readable-stream": {
          "version": "2.3.7",
          "resolved": "http://mirrors.tencent.com/npm/readable-stream/-/readable-stream-2.3.7.tgz",
          "integrity": "sha512-Ebho8K4jIbHAxnuxi7o42OrZgF/ZTNcsZj6nRKyUmkhLFq8CHItp/fy6hQZuZmP/n3yZ9VBUbp4zz/mX8hmYPw==",
          "requires": {
            "core-util-is": "~1.0.0",
            "inherits": "~2.0.3",
            "isarray": "~1.0.0",
            "process-nextick-args": "~2.0.0",
            "safe-buffer": "~5.1.1",
            "string_decoder": "~1.1.1",
            "util-deprecate": "~1.0.1"
          }
        }
      }
    },
    "end-of-stream": {
      "version": "1.4.4",
      "resolved": "http://mirrors.tencent.com/npm/end-of-stream/-/end-of-stream-1.4.4.tgz",
      "integrity": "sha512-+uw1inIHVPQoaVuHzRyXd21icM+cnt4CzD5rW+NC1wjOUSTOs+Te7FOv7AhN7vS9x/oIyhLP5PR1H+phQAHu5Q==",
      "requires": {
        "once": "^1.4.0"
      }
    },
    "exceljs": {
      "version": "4.2.0",
      "resolved": "http://mirrors.tencent.com/npm/exceljs/-/exceljs-4.2.0.tgz",
      "integrity": "sha512-r0/ClXRs3cQmMGJOQY6/ymnZSBSzeJL/LjAlKjY75ev1iQgf0LcmeFfTqFTFK0fADLAWieOMXe7abPoGYWI6hA==",
      "requires": {
        "archiver": "^5.0.0",
        "dayjs": "^1.8.34",
        "fast-csv": "^4.3.1",
        "jszip": "^3.5.0",
        "readable-stream": "^3.6.0",
        "saxes": "^5.0.1",
        "tmp": "^0.2.0",
        "unzipper": "^0.10.11",
        "uuid": "^8.3.0"
      }
    },
    "fast-csv": {
      "version": "4.3.2",
      "resolved": "http://mirrors.tencent.com/npm/fast-csv/-/fast-csv-4.3.2.tgz",
      "integrity": "sha512-tmvVMsliprsl7P1z++XuhfGZPTz/h2sTLhs5PYVhtOSsu7t0T2q1TdWq/CORQsD9Cc2oPiTchpf7gACLXArNYQ==",
      "requires": {
        "@fast-csv/format": "4.3.1",
        "@fast-csv/parse": "4.3.2",
        "@types/node": "^14.0.1"
      }
    },
    "fetch-blob": {
      "version": "2.1.1",
      "resolved": "http://mirrors.tencent.com/npm/fetch-blob/-/fetch-blob-2.1.1.tgz",
      "integrity": "sha512-Uf+gxPCe1hTOFXwkxYyckn8iUSk6CFXGy5VENZKifovUTZC9eUODWSBhOBS7zICGrAetKzdwLMr85KhIcePMAQ=="
    },
    "fs-constants": {
      "version": "1.0.0",
      "resolved": "http://mirrors.tencent.com/npm/fs-constants/-/fs-constants-1.0.0.tgz",
      "integrity": "sha512-y6OAwoSIf7FyjMIv94u+b5rdheZEjzR63GTyZJm5qh4Bi+2YgwLCcI/fPFZkL5PSixOt6ZNKm+w+Hfp/Bciwow=="
    },
    "fs.realpath": {
      "version": "1.0.0",
      "resolved": "http://mirrors.tencent.com/npm/fs.realpath/-/fs.realpath-1.0.0.tgz",
      "integrity": "sha1-FQStJSMVjKpA20onh8sBQRmU6k8="
    },
    "fstream": {
      "version": "1.0.12",
      "resolved": "http://mirrors.tencent.com/npm/fstream/-/fstream-1.0.12.tgz",
      "integrity": "sha512-WvJ193OHa0GHPEL+AycEJgxvBEwyfRkN1vhjca23OaPVMCaLCXTd5qAu82AjTcgP1UJmytkOKb63Ypde7raDIg==",
      "requires": {
        "graceful-fs": "^4.1.2",
        "inherits": "~2.0.0",
        "mkdirp": ">=0.5 0",
        "rimraf": "2"
      },
      "dependencies": {
        "rimraf": {
          "version": "2.7.1",
          "resolved": "http://mirrors.tencent.com/npm/rimraf/-/rimraf-2.7.1.tgz",
          "integrity": "sha512-uWjbaKIK3T1OSVptzX7Nl6PvQ3qAGtKEtVRjRuazjfL3Bx5eI409VZSqgND+4UNnmzLVdPj9FqFJNPqBZFve4w==",
          "requires": {
            "glob": "^7.1.3"
          }
        }
      }
    },
    "glob": {
      "version": "7.1.6",
      "resolved": "http://mirrors.tencent.com/npm/glob/-/glob-7.1.6.tgz",
      "integrity": "sha512-LwaxwyZ72Lk7vZINtNNrywX0ZuLyStrdDtabefZKAY5ZGJhVtgdznluResxNmPitE0SAO+O26sWTHeKSI2wMBA==",
      "requires": {
        "fs.realpath": "^1.0.0",
        "inflight": "^1.0.4",
        "inherits": "2",
        "minimatch": "^3.0.4",
        "once": "^1.3.0",
        "path-is-absolute": "^1.0.0"
      }
    },
    "graceful-fs": {
      "version": "4.2.4",
      "resolved": "http://mirrors.tencent.com/npm/graceful-fs/-/graceful-fs-4.2.4.tgz",
      "integrity": "sha512-WjKPNJF79dtJAVniUlGGWHYGz2jWxT6VhN/4m1NdkbZ2nOsEF+cI1Edgql5zCRhs/VsQYRvrXctxktVXZUkixw=="
    },
    "ieee754": {
      "version": "1.2.1",
      "resolved": "http://mirrors.tencent.com/npm/ieee754/-/ieee754-1.2.1.tgz",
      "integrity": "sha512-dcyqhDvX1C46lXZcVqCpK+FtMRQVdIMN6/Df5js2zouUsqG7I6sFxitIC+7KYK29KdXOLHdu9zL4sFnoVQnqaA=="
    },
    "immediate": {
      "version": "3.0.6",
      "resolved": "http://mirrors.tencent.com/npm/immediate/-/immediate-3.0.6.tgz",
      "integrity": "sha1-nbHb0Pr43m++D13V5Wu2BigN5ps="
    },
    "inflight": {
      "version": "1.0.6",
      "resolved": "http://mirrors.tencent.com/npm/inflight/-/inflight-1.0.6.tgz",
      "integrity": "sha1-Sb1jMdfQLQwJvJEKEHW6gWW1bfk=",
      "requires": {
        "once": "^1.3.0",
        "wrappy": "1"
      }
    },
    "inherits": {
      "version": "2.0.4",
      "resolved": "http://mirrors.tencent.com/npm/inherits/-/inherits-2.0.4.tgz",
      "integrity": "sha512-k/vGaX4/Yla3WzyMCvTQOXYeIHvqOKtnqBduzTHpzpQZzAskKMhZ2K+EnBiSM9zGSoIFeMpXKxa4dYeZIQqewQ=="
    },
    "isarray": {
      "version": "1.0.0",
      "resolved": "http://mirrors.tencent.com/npm/isarray/-/isarray-1.0.0.tgz",
      "integrity": "sha1-u5NdSFgsuhaMBoNJV6VKPgcSTxE="
    },
    "jszip": {
      "version": "3.5.0",
      "resolved": "http://mirrors.tencent.com/npm/jszip/-/jszip-3.5.0.tgz",
      "integrity": "sha512-WRtu7TPCmYePR1nazfrtuF216cIVon/3GWOvHS9QR5bIwSbnxtdpma6un3jyGGNhHsKCSzn5Ypk+EkDRvTGiFA==",
      "requires": {
        "lie": "~3.3.0",
        "pako": "~1.0.2",
        "readable-stream": "~2.3.6",
        "set-immediate-shim": "~1.0.1"
      },
      "dependencies": {
        "readable-stream": {
          "version": "2.3.7",
          "resolved": "http://mirrors.tencent.com/npm/readable-stream/-/readable-stream-2.3.7.tgz",
          "integrity": "sha512-Ebho8K4jIbHAxnuxi7o42OrZgF/ZTNcsZj6nRKyUmkhLFq8CHItp/fy6hQZuZmP/n3yZ9VBUbp4zz/mX8hmYPw==",
          "requires": {
            "core-util-is": "~1.0.0",
            "inherits": "~2.0.3",
            "isarray": "~1.0.0",
            "process-nextick-args": "~2.0.0",
            "safe-buffer": "~5.1.1",
            "string_decoder": "~1.1.1",
            "util-deprecate": "~1.0.1"
          }
        }
      }
    },
    "lazystream": {
      "version": "1.0.0",
      "resolved": "http://mirrors.tencent.com/npm/lazystream/-/lazystream-1.0.0.tgz",
      "integrity": "sha1-9plf4PggOS9hOWvolGJAe7dxaOQ=",
      "requires": {
        "readable-stream": "^2.0.5"
      },
      "dependencies": {
        "readable-stream": {
          "version": "2.3.7",
          "resolved": "http://mirrors.tencent.com/npm/readable-stream/-/readable-stream-2.3.7.tgz",
          "integrity": "sha512-Ebho8K4jIbHAxnuxi7o42OrZgF/ZTNcsZj6nRKyUmkhLFq8CHItp/fy6hQZuZmP/n3yZ9VBUbp4zz/mX8hmYPw==",
          "requires": {
            "core-util-is": "~1.0.0",
            "inherits": "~2.0.3",
            "isarray": "~1.0.0",
            "process-nextick-args": "~2.0.0",
            "safe-buffer": "~5.1.1",
            "string_decoder": "~1.1.1",
            "util-deprecate": "~1.0.1"
          }
        }
      }
    },
    "lie": {
      "version": "3.3.0",
      "resolved": "http://mirrors.tencent.com/npm/lie/-/lie-3.3.0.tgz",
      "integrity": "sha512-UaiMJzeWRlEujzAuw5LokY1L5ecNQYZKfmyZ9L7wDHb/p5etKaxXhohBcrw0EYby+G/NA52vRSN4N39dxHAIwQ==",
      "requires": {
        "immediate": "~3.0.5"
      }
    },
    "listenercount": {
      "version": "1.0.1",
      "resolved": "http://mirrors.tencent.com/npm/listenercount/-/listenercount-1.0.1.tgz",
      "integrity": "sha1-hMinKrWcRyUyFIDJdeZQg0LnCTc="
    },
    "lodash.defaults": {
      "version": "4.2.0",
      "resolved": "http://mirrors.tencent.com/npm/lodash.defaults/-/lodash.defaults-4.2.0.tgz",
      "integrity": "sha1-0JF4cW/+pN3p5ft7N/bwgCJ0WAw="
    },
    "lodash.difference": {
      "version": "4.5.0",
      "resolved": "http://mirrors.tencent.com/npm/lodash.difference/-/lodash.difference-4.5.0.tgz",
      "integrity": "sha1-nMtOUF1Ia5FlE0V3KIWi3yf9AXw="
    },
    "lodash.escaperegexp": {
      "version": "4.1.2",
      "resolved": "http://mirrors.tencent.com/npm/lodash.escaperegexp/-/lodash.escaperegexp-4.1.2.tgz",
      "integrity": "sha1-ZHYsSGGAglGKw99Mz11YhtriA0c="
    },
    "lodash.flatten": {
      "version": "4.4.0",
      "resolved": "http://mirrors.tencent.com/npm/lodash.flatten/-/lodash.flatten-4.4.0.tgz",
      "integrity": "sha1-8xwiIlqWMtK7+OSt2+8kCqdlph8="
    },
    "lodash.groupby": {
      "version": "4.6.0",
      "resolved": "http://mirrors.tencent.com/npm/lodash.groupby/-/lodash.groupby-4.6.0.tgz",
      "integrity": "sha1-Cwih3PaDl8OXhVwyOXg4Mt90A9E="
    },
    "lodash.isboolean": {
      "version": "3.0.3",
      "resolved": "http://mirrors.tencent.com/npm/lodash.isboolean/-/lodash.isboolean-3.0.3.tgz",
      "integrity": "sha1-bC4XHbKiV82WgC/UOwGyDV9YcPY="
    },
    "lodash.isequal": {
      "version": "4.5.0",
      "resolved": "http://mirrors.tencent.com/npm/lodash.isequal/-/lodash.isequal-4.5.0.tgz",
      "integrity": "sha1-QVxEePK8wwEgwizhDtMib30+GOA="
    },
    "lodash.isfunction": {
      "version": "3.0.9",
      "resolved": "http://mirrors.tencent.com/npm/lodash.isfunction/-/lodash.isfunction-3.0.9.tgz",
      "integrity": "sha512-AirXNj15uRIMMPihnkInB4i3NHeb4iBtNg9WRWuK2o31S+ePwwNmDPaTL3o7dTJ+VXNZim7rFs4rxN4YU1oUJw=="
    },
    "lodash.isnil": {
      "version": "4.0.0",
      "resolved": "http://mirrors.tencent.com/npm/lodash.isnil/-/lodash.isnil-4.0.0.tgz",
      "integrity": "sha1-SeKM1VkBNFjIFMVHnTxmOiG/qmw="
    },
    "lodash.isplainobject": {
      "version": "4.0.6",
      "resolved": "http://mirrors.tencent.com/npm/lodash.isplainobject/-/lodash.isplainobject-4.0.6.tgz",
      "integrity": "sha1-fFJqUtibRcRcxpC4gWO+BJf1UMs="
    },
    "lodash.isundefined": {
      "version": "3.0.1",
      "resolved": "http://mirrors.tencent.com/npm/lodash.isundefined/-/lodash.isundefined-3.0.1.tgz",
      "integrity": "sha1-I+89lTVWUgOmbO/VuDD4SJEa+0g="
    },
    "lodash.union": {
      "version": "4.6.0",
      "resolved": "http://mirrors.tencent.com/npm/lodash.union/-/lodash.union-4.6.0.tgz",
      "integrity": "sha1-SLtQiECfFvGCFmZkHETdGqrjzYg="
    },
    "lodash.uniq": {
      "version": "4.5.0",
      "resolved": "http://mirrors.tencent.com/npm/lodash.uniq/-/lodash.uniq-4.5.0.tgz",
      "integrity": "sha1-0CJTc662Uq3BvILklFM5qEJ1R3M="
    },
    "minimatch": {
      "version": "3.0.4",
      "resolved": "http://mirrors.tencent.com/npm/minimatch/-/minimatch-3.0.4.tgz",
      "integrity": "sha512-yJHVQEhyqPLUTgt9B83PXu6W3rx4MvvHvSUvToogpwoGDOUQ+yDrR0HRot+yOCdCO7u4hX3pWft6kWBBcqh0UA==",
      "requires": {
        "brace-expansion": "^1.1.7"
      }
    },
    "minimist": {
      "version": "1.2.5",
      "resolved": "http://mirrors.tencent.com/npm/minimist/-/minimist-1.2.5.tgz",
      "integrity": "sha512-FM9nNUYrRBAELZQT3xeZQ7fmMOBg6nWNmJKTcgsJeaLstP/UODVpGsr5OhXhhXg6f+qtJ8uiZ+PUxkDWcgIXLw=="
    },
    "mkdirp": {
      "version": "0.5.5",
      "resolved": "http://mirrors.tencent.com/npm/mkdirp/-/mkdirp-0.5.5.tgz",
      "integrity": "sha512-NKmAlESf6jMGym1++R0Ra7wvhV+wFW63FaSOFPwRahvea0gMUcGUhVeAg/0BC0wiv9ih5NYPB1Wn1UEI1/L+xQ==",
      "requires": {
        "minimist": "^1.2.5"
      }
    },
    "node-fetch": {
      "version": "3.0.0-beta.9",
      "resolved": "http://mirrors.tencent.com/npm/node-fetch/-/node-fetch-3.0.0-beta.9.tgz",
      "integrity": "sha512-RdbZCEynH2tH46+tj0ua9caUHVWrd/RHnRfvly2EVdqGmI3ndS1Vn/xjm5KuGejDt2RNDQsVRLPNd2QPwcewVg==",
      "requires": {
        "data-uri-to-buffer": "^3.0.1",
        "fetch-blob": "^2.1.1"
      }
    },
    "normalize-path": {
      "version": "3.0.0",
      "resolved": "http://mirrors.tencent.com/npm/normalize-path/-/normalize-path-3.0.0.tgz",
      "integrity": "sha512-6eZs5Ls3WtCisHWp9S2GUy8dqkpGi4BVSz3GaqiE6ezub0512ESztXUwUB6C6IKbQkY2Pnb/mD4WYojCRwcwLA=="
    },
    "once": {
      "version": "1.4.0",
      "resolved": "http://mirrors.tencent.com/npm/once/-/once-1.4.0.tgz",
      "integrity": "sha1-WDsap3WWHUsROsF9nFC6753Xa9E=",
      "requires": {
        "wrappy": "1"
      }
    },
    "pako": {
      "version": "1.0.11",
      "resolved": "http://mirrors.tencent.com/npm/pako/-/pako-1.0.11.tgz",
      "integrity": "sha512-4hLB8Py4zZce5s4yd9XzopqwVv/yGNhV1Bl8NTmCq1763HeK2+EwVTv+leGeL13Dnh2wfbqowVPXCIO0z4taYw=="
    },
    "path-is-absolute": {
      "version": "1.0.1",
      "resolved": "http://mirrors.tencent.com/npm/path-is-absolute/-/path-is-absolute-1.0.1.tgz",
      "integrity": "sha1-F0uSaHNVNP+8es5r9TpanhtcX18="
    },
    "process-nextick-args": {
      "version": "2.0.1",
      "resolved": "http://mirrors.tencent.com/npm/process-nextick-args/-/process-nextick-args-2.0.1.tgz",
      "integrity": "sha512-3ouUOpQhtgrbOa17J7+uxOTpITYWaGP7/AhoR3+A+/1e9skrzelGi/dXzEYyvbxubEF6Wn2ypscTKiKJFFn1ag=="
    },
    "readable-stream": {
      "version": "3.6.0",
      "resolved": "http://mirrors.tencent.com/npm/readable-stream/-/readable-stream-3.6.0.tgz",
      "integrity": "sha512-BViHy7LKeTz4oNnkcLJ+lVSL6vpiFeX6/d3oSH8zCW7UxP2onchk+vTGB143xuFjHS3deTgkKoXXymXqymiIdA==",
      "requires": {
        "inherits": "^2.0.3",
        "string_decoder": "^1.1.1",
        "util-deprecate": "^1.0.1"
      }
    },
    "readdir-glob": {
      "version": "1.1.1",
      "resolved": "http://mirrors.tencent.com/npm/readdir-glob/-/readdir-glob-1.1.1.tgz",
      "integrity": "sha512-91/k1EzZwDx6HbERR+zucygRFfiPl2zkIYZtv3Jjr6Mn7SkKcVct8aVO+sSRiGMc6fLf72du3d92/uY63YPdEA==",
      "requires": {
        "minimatch": "^3.0.4"
      }
    },
    "rimraf": {
      "version": "3.0.2",
      "resolved": "http://mirrors.tencent.com/npm/rimraf/-/rimraf-3.0.2.tgz",
      "integrity": "sha512-JZkJMZkAGFFPP2YqXZXPbMlMBgsxzE8ILs4lMIX/2o0L9UBw9O/Y3o6wFw/i9YLapcUJWwqbi3kdxIPdC62TIA==",
      "requires": {
        "glob": "^7.1.3"
      }
    },
    "safe-buffer": {
      "version": "5.1.2",
      "resolved": "http://mirrors.tencent.com/npm/safe-buffer/-/safe-buffer-5.1.2.tgz",
      "integrity": "sha512-Gd2UZBJDkXlY7GbJxfsE8/nvKkUEU1G38c1siN6QP6a9PT9MmHB8GnpscSmMJSoF8LOIrt8ud/wPtojys4G6+g=="
    },
    "saxes": {
      "version": "5.0.1",
      "resolved": "http://mirrors.tencent.com/npm/saxes/-/saxes-5.0.1.tgz",
      "integrity": "sha512-5LBh1Tls8c9xgGjw3QrMwETmTMVk0oFgvrFSvWx62llR2hcEInrKNZ2GZCCuuy2lvWrdl5jhbpeqc5hRYKFOcw==",
      "requires": {
        "xmlchars": "^2.2.0"
      }
    },
    "set-immediate-shim": {
      "version": "1.0.1",
      "resolved": "http://mirrors.tencent.com/npm/set-immediate-shim/-/set-immediate-shim-1.0.1.tgz",
      "integrity": "sha1-SysbJ+uAip+NzEgaWOXlb1mfP2E="
    },
    "setimmediate": {
      "version": "1.0.5",
      "resolved": "http://mirrors.tencent.com/npm/setimmediate/-/setimmediate-1.0.5.tgz",
      "integrity": "sha1-KQy7Iy4waULX1+qbg3Mqt4VvgoU="
    },
    "string_decoder": {
      "version": "1.1.1",
      "resolved": "http://mirrors.tencent.com/npm/string_decoder/-/string_decoder-1.1.1.tgz",
      "integrity": "sha512-n/ShnvDi6FHbbVfviro+WojiFzv+s8MPMHBczVePfUpDJLwoLT0ht1l4YwBCbi8pJAveEEdnkHyPyTP/mzRfwg==",
      "requires": {
        "safe-buffer": "~5.1.0"
      }
    },
    "tar-stream": {
      "version": "2.1.4",
      "resolved": "http://mirrors.tencent.com/npm/tar-stream/-/tar-stream-2.1.4.tgz",
      "integrity": "sha512-o3pS2zlG4gxr67GmFYBLlq+dM8gyRGUOvsrHclSkvtVtQbjV0s/+ZE8OpICbaj8clrX3tjeHngYGP7rweaBnuw==",
      "requires": {
        "bl": "^4.0.3",
        "end-of-stream": "^1.4.1",
        "fs-constants": "^1.0.0",
        "inherits": "^2.0.3",
        "readable-stream": "^3.1.1"
      }
    },
    "tmp": {
      "version": "0.2.1",
      "resolved": "http://mirrors.tencent.com/npm/tmp/-/tmp-0.2.1.tgz",
      "integrity": "sha512-76SUhtfqR2Ijn+xllcI5P1oyannHNHByD80W1q447gU3mp9G9PSpGdWmjUOHRDPiHYacIk66W7ubDTuPF3BEtQ==",
      "requires": {
        "rimraf": "^3.0.0"
      }
    },
    "traverse": {
      "version": "0.3.9",
      "resolved": "http://mirrors.tencent.com/npm/traverse/-/traverse-0.3.9.tgz",
      "integrity": "sha1-cXuPIgzAu3tE5AUUwisui7xw2Lk="
    },
    "typescript": {
      "version": "4.0.5",
      "resolved": "http://mirrors.tencent.com/npm/typescript/-/typescript-4.0.5.tgz",
      "integrity": "sha512-ywmr/VrTVCmNTJ6iV2LwIrfG1P+lv6luD8sUJs+2eI9NLGigaN+nUQc13iHqisq7bra9lnmUSYqbJvegraBOPQ==",
      "dev": true
    },
    "unzipper": {
      "version": "0.10.11",
      "resolved": "http://mirrors.tencent.com/npm/unzipper/-/unzipper-0.10.11.tgz",
      "integrity": "sha512-+BrAq2oFqWod5IESRjL3S8baohbevGcVA+teAIOYWM3pDVdseogqbzhhvvmiyQrUNKFUnDMtELW3X8ykbyDCJw==",
      "requires": {
        "big-integer": "^1.6.17",
        "binary": "~0.3.0",
        "bluebird": "~3.4.1",
        "buffer-indexof-polyfill": "~1.0.0",
        "duplexer2": "~0.1.4",
        "fstream": "^1.0.12",
        "graceful-fs": "^4.2.2",
        "listenercount": "~1.0.1",
        "readable-stream": "~2.3.6",
        "setimmediate": "~1.0.4"
      },
      "dependencies": {
        "readable-stream": {
          "version": "2.3.7",
          "resolved": "http://mirrors.tencent.com/npm/readable-stream/-/readable-stream-2.3.7.tgz",
          "integrity": "sha512-Ebho8K4jIbHAxnuxi7o42OrZgF/ZTNcsZj6nRKyUmkhLFq8CHItp/fy6hQZuZmP/n3yZ9VBUbp4zz/mX8hmYPw==",
          "requires": {
            "core-util-is": "~1.0.0",
            "inherits": "~2.0.3",
            "isarray": "~1.0.0",
            "process-nextick-args": "~2.0.0",
            "safe-buffer": "~5.1.1",
            "string_decoder": "~1.1.1",
            "util-deprecate": "~1.0.1"
          }
        }
      }
    },
    "util-deprecate": {
      "version": "1.0.2",
      "resolved": "http://mirrors.tencent.com/npm/util-deprecate/-/util-deprecate-1.0.2.tgz",
      "integrity": "sha1-RQ1Nyfpw3nMnYvvS1KKJgUGaDM8="
    },
    "uuid": {
      "version": "8.3.1",
      "resolved": "http://mirrors.tencent.com/npm/uuid/-/uuid-8.3.1.tgz",
      "integrity": "sha512-FOmRr+FmWEIG8uhZv6C2bTgEVXsHk08kE7mPlrBbEe+c3r9pjceVPgupIfNIhc4yx55H69OXANrUaSuu9eInKg=="
    },
    "wrappy": {
      "version": "1.0.2",
      "resolved": "http://mirrors.tencent.com/npm/wrappy/-/wrappy-1.0.2.tgz",
      "integrity": "sha1-tSQ9jz7BqjXxNkYFvA0QNuMKtp8="
    },
    "xmlchars": {
      "version": "2.2.0",
      "resolved": "http://mirrors.tencent.com/npm/xmlchars/-/xmlchars-2.2.0.tgz",
      "integrity": "sha512-JZnDKK8B0RCDw84FNdDAIpZK+JuJw+s7Lz8nksI7SIuU3UXJJslUthsi+uWBUYOwPFwW7W7PRLRfUKpxjtjFCw=="
    },
    "zip-stream": {
      "version": "4.0.2",
      "resolved": "http://mirrors.tencent.com/npm/zip-stream/-/zip-stream-4.0.2.tgz",
      "integrity": "sha512-TGxB2g+1ur6MHkvM644DuZr8Uzyz0k0OYWtS3YlpfWBEmK4woaC2t3+pozEL3dBfIPmpgmClR5B2QRcMgGt22g==",
      "requires": {
        "archiver-utils": "^2.1.0",
        "compress-commons": "^4.0.0",
        "readable-stream": "^3.6.0"
      }
    }
  }
}
